
Microsoft Visual Studio Solution File, Format Version 12.00
# Visual Studio Version 16
VisualStudioVersion = 16.0.31624.102
MinimumVisualStudioVersion = 10.0.40219.1
Project("{FAE04EC0-301F-11D3-BF4B-00C04F79EFBC}") = "Проект1 МТЗКІТ", "Проект1 МТЗКІТ\Проект1 МТЗКІТ.csproj", "{948C1603-DB2B-4C39-8C98-1C5E3250CF66}"
EndProject
Global
	GlobalSection(SolutionConfigurationPlatforms) = preSolution
		Debug|Any CPU = Debug|Any CPU
		Release|Any CPU = Release|Any CPU
	EndGlobalSection
	GlobalSection(ProjectConfigurationPlatforms) = postSolution
		{948C1603-DB2B-4C39-8C98-1C5E3250CF66}.Debug|Any CPU.ActiveCfg = Debug|Any CPU
		{948C1603-DB2B-4C39-8C98-1C5E3250CF66}.Debug|Any CPU.Build.0 = Debug|Any CPU
		{948C1603-DB2B-4C39-8C98-1C5E3250CF66}.Release|Any CPU.ActiveCfg = Release|Any CPU
		{948C1603-DB2B-4C39-8C98-1C5E3250CF66}.Release|Any CPU.Build.0 = Release|Any CPU
	EndGlobalSection
	GlobalSection(SolutionProperties) = preSolution
		HideSolutionNode = FALSE
	EndGlobalSection
	GlobalSection(ExtensibilityGlobals) = postSolution
		SolutionGuid = {E1210EA8-DA2E-4555-A295-E5BEC30707DB}
	EndGlobalSection
EndGlobal
